// !$*UTF8*$!
{
	archiveVersion = 1;
	classes = {
	};
	objectVersion = 46;
	objects = {

/* Begin PBXBuildFile section */
		21AA0D56C7017D0B150D3D33 /* Pods_VocabMania.framework in Frameworks */ = {isa = PBXBuildFile; fileRef = C41218F7BE96A04762C26B9C /* Pods_VocabMania.framework */; };
		A3989BA21F6EEFEB0031971D /* AppDelegate.swift in Sources */ = {isa = PBXBuildFile; fileRef = A3989BA11F6EEFEB0031971D /* AppDelegate.swift */; };
		A3989BA41F6EEFEB0031971D /* VocabListMainVc.swift in Sources */ = {isa = PBXBuildFile; fileRef = A3989BA31F6EEFEB0031971D /* VocabListMainVc.swift */; };
		A3989BA71F6EEFEB0031971D /* Main.storyboard in Resources */ = {isa = PBXBuildFile; fileRef = A3989BA51F6EEFEB0031971D /* Main.storyboard */; };
		A3989BA91F6EEFEB0031971D /* Assets.xcassets in Resources */ = {isa = PBXBuildFile; fileRef = A3989BA81F6EEFEB0031971D /* Assets.xcassets */; };
		A3989BAC1F6EEFEB0031971D /* LaunchScreen.storyboard in Resources */ = {isa = PBXBuildFile; fileRef = A3989BAA1F6EEFEB0031971D /* LaunchScreen.storyboard */; };
		A3989BB41F6EF06A0031971D /* GoogleService-Info.plist in Resources */ = {isa = PBXBuildFile; fileRef = A3989BB31F6EF06A0031971D /* GoogleService-Info.plist */; };
		A3A28CDA1F6FD54A00F71F7D /* CONSTANTS.swift in Sources */ = {isa = PBXBuildFile; fileRef = A3A28CD91F6FD54A00F71F7D /* CONSTANTS.swift */; };
		A3A28CDE1F6FE5C600F71F7D /* VocabCell.swift in Sources */ = {isa = PBXBuildFile; fileRef = A3A28CDD1F6FE5C600F71F7D /* VocabCell.swift */; };
		A3A28CE01F6FF0CD00F71F7D /* Germanica.otf in Resources */ = {isa = PBXBuildFile; fileRef = A3A28CDF1F6FF0CD00F71F7D /* Germanica.otf */; };
		A3A28CE21F70432500F71F7D /* AddVocab.swift in Sources */ = {isa = PBXBuildFile; fileRef = A3A28CE11F70432500F71F7D /* AddVocab.swift */; };
		A3A28CE41F70664500F71F7D /* WordExplanationVC.swift in Sources */ = {isa = PBXBuildFile; fileRef = A3A28CE31F70664500F71F7D /* WordExplanationVC.swift */; };
/* End PBXBuildFile section */

/* Begin PBXFileReference section */
		38F26E4F47FBCFE62EB9BEAA /* Pods-VocabMania.debug.xcconfig */ = {isa = PBXFileReference; includeInIndex = 1; lastKnownFileType = text.xcconfig; name = "Pods-VocabMania.debug.xcconfig"; path = "Pods/Target Support Files/Pods-VocabMania/Pods-VocabMania.debug.xcconfig"; sourceTree = "<group>"; };
		75E6F4E199B0350194DA8BC5 /* Pods-VocabMania.release.xcconfig */ = {isa = PBXFileReference; includeInIndex = 1; lastKnownFileType = text.xcconfig; name = "Pods-VocabMania.release.xcconfig"; path = "Pods/Target Support Files/Pods-VocabMania/Pods-VocabMania.release.xcconfig"; sourceTree = "<group>"; };
		A3989B9E1F6EEFEB0031971D /* VocabMania.app */ = {isa = PBXFileReference; explicitFileType = wrapper.application; includeInIndex = 0; path = VocabMania.app; sourceTree = BUILT_PRODUCTS_DIR; };
		A3989BA11F6EEFEB0031971D /* AppDelegate.swift */ = {isa = PBXFileReference; lastKnownFileType = sourcecode.swift; path = AppDelegate.swift; sourceTree = "<group>"; };
		A3989BA31F6EEFEB0031971D /* VocabListMainVc.swift */ = {isa = PBXFileReference; lastKnownFileType = sourcecode.swift; path = VocabListMainVc.swift; sourceTree = "<group>"; };
		A3989BA61F6EEFEB0031971D /* Base */ = {isa = PBXFileReference; lastKnownFileType = file.storyboard; name = Base; path = Base.lproj/Main.storyboard; sourceTree = "<group>"; };
		A3989BA81F6EEFEB0031971D /* Assets.xcassets */ = {isa = PBXFileReference; lastKnownFileType = folder.assetcatalog; path = Assets.xcassets; sourceTree = "<group>"; };
		A3989BAB1F6EEFEB0031971D /* Base */ = {isa = PBXFileReference; lastKnownFileType = file.storyboard; name = Base; path = Base.lproj/LaunchScreen.storyboard; sourceTree = "<group>"; };
		A3989BAD1F6EEFEB0031971D /* Info.plist */ = {isa = PBXFileReference; lastKnownFileType = text.plist.xml; path = Info.plist; sourceTree = "<group>"; };
		A3989BB31F6EF06A0031971D /* GoogleService-Info.plist */ = {isa = PBXFileReference; fileEncoding = 4; lastKnownFileType = text.plist.xml; path = "GoogleService-Info.plist"; sourceTree = "<group>"; };
		A3A28CD91F6FD54A00F71F7D /* CONSTANTS.swift */ = {isa = PBXFileReference; fileEncoding = 4; lastKnownFileType = sourcecode.swift; path = CONSTANTS.swift; sourceTree = "<group>"; };
		A3A28CDD1F6FE5C600F71F7D /* VocabCell.swift */ = {isa = PBXFileReference; fileEncoding = 4; lastKnownFileType = sourcecode.swift; path = VocabCell.swift; sourceTree = "<group>"; };
		A3A28CDF1F6FF0CD00F71F7D /* Germanica.otf */ = {isa = PBXFileReference; lastKnownFileType = file; path = Germanica.otf; sourceTree = "<group>"; };
		A3A28CE11F70432500F71F7D /* AddVocab.swift */ = {isa = PBXFileReference; fileEncoding = 4; lastKnownFileType = sourcecode.swift; path = AddVocab.swift; sourceTree = "<group>"; };
		A3A28CE31F70664500F71F7D /* WordExplanationVC.swift */ = {isa = PBXFileReference; fileEncoding = 4; lastKnownFileType = sourcecode.swift; path = WordExplanationVC.swift; sourceTree = "<group>"; };
		C41218F7BE96A04762C26B9C /* Pods_VocabMania.framework */ = {isa = PBXFileReference; explicitFileType = wrapper.framework; includeInIndex = 0; path = Pods_VocabMania.framework; sourceTree = BUILT_PRODUCTS_DIR; };
/* End PBXFileReference section */

/* Begin PBXFrameworksBuildPhase section */
		A3989B9B1F6EEFEB0031971D /* Frameworks */ = {
			isa = PBXFrameworksBuildPhase;
			buildActionMask = 2147483647;
			files = (
				21AA0D56C7017D0B150D3D33 /* Pods_VocabMania.framework in Frameworks */,
			);
			runOnlyForDeploymentPostprocessing = 0;
		};
/* End PBXFrameworksBuildPhase section */

/* Begin PBXGroup section */
		A3989B951F6EEFEB0031971D = {
			isa = PBXGroup;
			children = (
				A3A28CDF1F6FF0CD00F71F7D /* Germanica.otf */,
				A3989BA01F6EEFEB0031971D /* VocabMania */,
				A3989B9F1F6EEFEB0031971D /* Products */,
				F6DB6D99D851383BC2496CEE /* Pods */,
				ED424A33F435FC8EE580E087 /* Frameworks */,
			);
			sourceTree = "<group>";
		};
		A3989B9F1F6EEFEB0031971D /* Products */ = {
			isa = PBXGroup;
			children = (
				A3989B9E1F6EEFEB0031971D /* VocabMania.app */,
			);
			name = Products;
			sourceTree = "<group>";
		};
		A3989BA01F6EEFEB0031971D /* VocabMania */ = {
			isa = PBXGroup;
			children = (
				A3A28CD81F6FD53D00F71F7D /* Util */,
				A3A28CD51F6FBCE800F71F7D /* Controller */,
				A3A28CD41F6FBCE400F71F7D /* View */,
				A3A28CD31F6FBCD900F71F7D /* Model */,
				A3989BA11F6EEFEB0031971D /* AppDelegate.swift */,
				A3989BA51F6EEFEB0031971D /* Main.storyboard */,
				A3989BA81F6EEFEB0031971D /* Assets.xcassets */,
				A3989BAA1F6EEFEB0031971D /* LaunchScreen.storyboard */,
				A3989BAD1F6EEFEB0031971D /* Info.plist */,
				A3989BB31F6EF06A0031971D /* GoogleService-Info.plist */,
			);
			path = VocabMania;
			sourceTree = "<group>";
		};
		A3A28CD31F6FBCD900F71F7D /* Model */ = {
			isa = PBXGroup;
			children = (
			);
			name = Model;
			sourceTree = "<group>";
		};
		A3A28CD41F6FBCE400F71F7D /* View */ = {
			isa = PBXGroup;
			children = (
				A3A28CDD1F6FE5C600F71F7D /* VocabCell.swift */,
			);
			name = View;
			sourceTree = "<group>";
		};
		A3A28CD51F6FBCE800F71F7D /* Controller */ = {
			isa = PBXGroup;
			children = (
				A3989BA31F6EEFEB0031971D /* VocabListMainVc.swift */,
				A3A28CE11F70432500F71F7D /* AddVocab.swift */,
				A3A28CE31F70664500F71F7D /* WordExplanationVC.swift */,
			);
			name = Controller;
			sourceTree = "<group>";
		};
		A3A28CD81F6FD53D00F71F7D /* Util */ = {
			isa = PBXGroup;
			children = (
				A3A28CD91F6FD54A00F71F7D /* CONSTANTS.swift */,
			);
			name = Util;
			sourceTree = "<group>";
		};
		ED424A33F435FC8EE580E087 /* Frameworks */ = {
			isa = PBXGroup;
			children = (
				C41218F7BE96A04762C26B9C /* Pods_VocabMania.framework */,
			);
			name = Frameworks;
			sourceTree = "<group>";
		};
		F6DB6D99D851383BC2496CEE /* Pods */ = {
			isa = PBXGroup;
			children = (
				38F26E4F47FBCFE62EB9BEAA /* Pods-VocabMania.debug.xcconfig */,
				75E6F4E199B0350194DA8BC5 /* Pods-VocabMania.release.xcconfig */,
			);
			name = Pods;
			sourceTree = "<group>";
		};
/* End PBXGroup section */

/* Begin PBXNativeTarget section */
		A3989B9D1F6EEFEB0031971D /* VocabMania */ = {
			isa = PBXNativeTarget;
			buildConfigurationList = A3989BB01F6EEFEB0031971D /* Build configuration list for PBXNativeTarget "VocabMania" */;
			buildPhases = (
				DE9060BA92D3B597D8D09757 /* [CP] Check Pods Manifest.lock */,
				A3989B9A1F6EEFEB0031971D /* Sources */,
				A3989B9B1F6EEFEB0031971D /* Frameworks */,
				A3989B9C1F6EEFEB0031971D /* Resources */,
				6274AF44DB1970DE7394DDF9 /* [CP] Embed Pods Frameworks */,
				18339E5937DBAAF0125AE6F8 /* [CP] Copy Pods Resources */,
			);
			buildRules = (
			);
			dependencies = (
			);
			name = VocabMania;
			productName = VocabMania;
			productReference = A3989B9E1F6EEFEB0031971D /* VocabMania.app */;
			productType = "com.apple.product-type.application";
		};
/* End PBXNativeTarget section */

/* Begin PBXProject section */
		A3989B961F6EEFEB0031971D /* Project object */ = {
			isa = PBXProject;
			attributes = {
				LastSwiftUpdateCheck = 0830;
				LastUpgradeCheck = 0830;
				ORGANIZATIONNAME = "Ertugrul Ucar";
				TargetAttributes = {
					A3989B9D1F6EEFEB0031971D = {
						CreatedOnToolsVersion = 8.3.2;
						ProvisioningStyle = Automatic;
					};
				};
			};
			buildConfigurationList = A3989B991F6EEFEB0031971D /* Build configuration list for PBXProject "VocabMania" */;
			compatibilityVersion = "Xcode 3.2";
			developmentRegion = English;
			hasScannedForEncodings = 0;
			knownRegions = (
				en,
				Base,
			);
			mainGroup = A3989B951F6EEFEB0031971D;
			productRefGroup = A3989B9F1F6EEFEB0031971D /* Products */;
			projectDirPath = "";
			projectRoot = "";
			targets = (
				A3989B9D1F6EEFEB0031971D /* VocabMania */,
			);
		};
/* End PBXProject section */

/* Begin PBXResourcesBuildPhase section */
		A3989B9C1F6EEFEB0031971D /* Resources */ = {
			isa = PBXResourcesBuildPhase;
			buildActionMask = 2147483647;
			files = (
				A3A28CE01F6FF0CD00F71F7D /* Germanica.otf in Resources */,
				A3989BAC1F6EEFEB0031971D /* LaunchScreen.storyboard in Resources */,
				A3989BB41F6EF06A0031971D /* GoogleService-Info.plist in Resources */,
				A3989BA91F6EEFEB0031971D /* Assets.xcassets in Resources */,
				A3989BA71F6EEFEB0031971D /* Main.storyboard in Resources */,
			);
			runOnlyForDeploymentPostprocessing = 0;
		};
/* End PBXResourcesBuildPhase section */

/* Begin PBXShellScriptBuildPhase section */
		18339E5937DBAAF0125AE6F8 /* [CP] Copy Pods Resources */ = {
			isa = PBXShellScriptBuildPhase;
			buildActionMask = 2147483647;
			files = (
			);
			inputPaths = (
			);
			name = "[CP] Copy Pods Resources";
			outputPaths = (
			);
			runOnlyForDeploymentPostprocessing = 0;
			shellPath = /bin/sh;
			shellScript = "\"${SRCROOT}/Pods/Target Support Files/Pods-VocabMania/Pods-VocabMania-resources.sh\"\n";
			showEnvVarsInLog = 0;
		};
		6274AF44DB1970DE7394DDF9 /* [CP] Embed Pods Frameworks */ = {
			isa = PBXShellScriptBuildPhase;
			buildActionMask = 2147483647;
			files = (
			);
			inputPaths = (
				"${SRCROOT}/Pods/Target Support Files/Pods-VocabMania/Pods-VocabMania-frameworks.sh",
				"${BUILT_PRODUCTS_DIR}/GoogleToolboxForMac/GoogleToolboxForMac.framework",
				"${BUILT_PRODUCTS_DIR}/leveldb-library/leveldb.framework",
				"${BUILT_PRODUCTS_DIR}/nanopb/nanopb.framework",
			);
			name = "[CP] Embed Pods Frameworks";
			outputPaths = (
				"${TARGET_BUILD_DIR}/${FRAMEWORKS_FOLDER_PATH}/GoogleToolboxForMac.framework",
				"${TARGET_BUILD_DIR}/${FRAMEWORKS_FOLDER_PATH}/leveldb.framework",
				"${TARGET_BUILD_DIR}/${FRAMEWORKS_FOLDER_PATH}/nanopb.framework",
			);
			runOnlyForDeploymentPostprocessing = 0;
			shellPath = /bin/sh;
			shellScript = "\"${SRCROOT}/Pods/Target Support Files/Pods-VocabMania/Pods-VocabMania-frameworks.sh\"\n";
			showEnvVarsInLog = 0;
		};
		DE9060BA92D3B597D8D09757 /* [CP] Check Pods Manifest.lock */ = {
			isa = PBXShellScriptBuildPhase;
			buildActionMask = 2147483647;
			files = (
			);
			inputPaths = (
				"${PODS_PODFILE_DIR_PATH}/Podfile.lock",
				"${PODS_ROOT}/Manifest.lock",
			);
			name = "[CP] Check Pods Manifest.lock";
			outputPaths = (
				"$(DERIVED_FILE_DIR)/Pods-VocabMania-checkManifestLockResult.txt",
			);
			runOnlyForDeploymentPostprocessing = 0;
			shellPath = /bin/sh;
			shellScript = "diff \"${PODS_PODFILE_DIR_PATH}/Podfile.lock\" \"${PODS_ROOT}/Manifest.lock\" > /dev/null\nif [ $? != 0 ] ; then\n    # print error to STDERR\n    echo \"error: The sandbox is not in sync with the Podfile.lock. Run 'pod install' or update your CocoaPods installation.\" >&2\n    exit 1\nfi\n# This output is used by Xcode 'outputs' to avoid re-running this script phase.\necho \"SUCCESS\" > \"${SCRIPT_OUTPUT_FILE_0}\"\n";
			showEnvVarsInLog = 0;
		};
/* End PBXShellScriptBuildPhase section */

/* Begin PBXSourcesBuildPhase section */
		A3989B9A1F6EEFEB0031971D /* Sources */ = {
			isa = PBXSourcesBuildPhase;
			buildActionMask = 2147483647;
			files = (
				A3989BA41F6EEFEB0031971D /* VocabListMainVc.swift in Sources */,
				A3A28CDE1F6FE5C600F71F7D /* VocabCell.swift in Sources */,
				A3A28CE21F70432500F71F7D /* AddVocab.swift in Sources */,
				A3989BA21F6EEFEB0031971D /* AppDelegate.swift in Sources */,
				A3A28CE41F70664500F71F7D /* WordExplanationVC.swift in Sources */,
				A3A28CDA1F6FD54A00F71F7D /* CONSTANTS.swift in Sources */,
			);
			runOnlyForDeploymentPostprocessing = 0;
		};
/* End PBXSourcesBuildPhase section */

/* Begin PBXVariantGroup section */
		A3989BA51F6EEFEB0031971D /* Main.storyboard */ = {
			isa = PBXVariantGroup;
			children = (
				A3989BA61F6EEFEB0031971D /* Base */,
			);
			name = Main.storyboard;
			sourceTree = "<group>";
		};
		A3989BAA1F6EEFEB0031971D /* LaunchScreen.storyboard */ = {
			isa = PBXVariantGroup;
			children = (
				A3989BAB1F6EEFEB0031971D /* Base */,
			);
			name = LaunchScreen.storyboard;
			sourceTree = "<group>";
		};
/* End PBXVariantGroup section */

/* Begin XCBuildConfiguration section */
		A3989BAE1F6EEFEB0031971D /* Debug */ = {
			isa = XCBuildConfiguration;
			buildSettings = {
				ALWAYS_SEARCH_USER_PATHS = NO;
				CLANG_ANALYZER_NONNULL = YES;
				CLANG_ANALYZER_NUMBER_OBJECT_CONVERSION = YES_AGGRESSIVE;
				CLANG_CXX_LANGUAGE_STANDARD = "gnu++0x";
				CLANG_CXX_LIBRARY = "libc++";
				CLANG_ENABLE_MODULES = YES;
				CLANG_ENABLE_OBJC_ARC = YES;
				CLANG_WARN_BOOL_CONVERSION = YES;
				CLANG_WARN_CONSTANT_CONVERSION = YES;
				CLANG_WARN_DIRECT_OBJC_ISA_USAGE = YES_ERROR;
				CLANG_WARN_DOCUMENTATION_COMMENTS = YES;
				CLANG_WARN_EMPTY_BODY = YES;
				CLANG_WARN_ENUM_CONVERSION = YES;
				CLANG_WARN_INFINITE_RECURSION = YES;
				CLANG_WARN_INT_CONVERSION = YES;
				CLANG_WARN_OBJC_ROOT_CLASS = YES_ERROR;
				CLANG_WARN_SUSPICIOUS_MOVE = YES;
				CLANG_WARN_UNREACHABLE_CODE = YES;
				CLANG_WARN__DUPLICATE_METHOD_MATCH = YES;
				"CODE_SIGN_IDENTITY[sdk=iphoneos*]" = "iPhone Developer";
				COPY_PHASE_STRIP = NO;
				DEBUG_INFORMATION_FORMAT = dwarf;
				ENABLE_STRICT_OBJC_MSGSEND = YES;
				ENABLE_TESTABILITY = YES;
				GCC_C_LANGUAGE_STANDARD = gnu99;
				GCC_DYNAMIC_NO_PIC = NO;
				GCC_NO_COMMON_BLOCKS = YES;
				GCC_OPTIMIZATION_LEVEL = 0;
				GCC_PREPROCESSOR_DEFINITIONS = (
					"DEBUG=1",
					"$(inherited)",
				);
				GCC_WARN_64_TO_32_BIT_CONVERSION = YES;
				GCC_WARN_ABOUT_RETURN_TYPE = YES_ERROR;
				GCC_WARN_UNDECLARED_SELECTOR = YES;
				GCC_WARN_UNINITIALIZED_AUTOS = YES_AGGRESSIVE;
				GCC_WARN_UNUSED_FUNCTION = YES;
				GCC_WARN_UNUSED_VARIABLE = YES;
				IPHONEOS_DEPLOYMENT_TARGET = 10.3;
				MTL_ENABLE_DEBUG_INFO = YES;
				ONLY_ACTIVE_ARCH = YES;
				SDKROOT = iphoneos;
				SWIFT_ACTIVE_COMPILATION_CONDITIONS = DEBUG;
				SWIFT_OPTIMIZATION_LEVEL = "-Onone";
				TARGETED_DEVICE_FAMILY = "1,2";
			};
			name = Debug;
		};
		A3989BAF1F6EEFEB0031971D /* Release */ = {
			isa = XCBuildConfiguration;
			buildSettings = {
				ALWAYS_SEARCH_USER_PATHS = NO;
				CLANG_ANALYZER_NONNULL = YES;
				CLANG_ANALYZER_NUMBER_OBJECT_CONVERSION = YES_AGGRESSIVE;
				CLANG_CXX_LANGUAGE_STANDARD = "gnu++0x";
				CLANG_CXX_LIBRARY = "libc++";
				CLANG_ENABLE_MODULES = YES;
				CLANG_ENABLE_OBJC_ARC = YES;
				CLANG_WARN_BOOL_CONVERSION = YES;
				CLANG_WARN_CONSTANT_CONVERSION = YES;
				CLANG_WARN_DIRECT_OBJC_ISA_USAGE = YES_ERROR;
				CLANG_WARN_DOCUMENTATION_COMMENTS = YES;
				CLANG_WARN_EMPTY_BODY = YES;
				CLANG_WARN_ENUM_CONVERSION = YES;
				CLANG_WARN_INFINITE_RECURSION = YES;
				CLANG_WARN_INT_CONVERSION = YES;
				CLANG_WARN_OBJC_ROOT_CLASS = YES_ERROR;
				CLANG_WARN_SUSPICIOUS_MOVE = YES;
				CLANG_WARN_UNREACHABLE_CODE = YES;
				CLANG_WARN__DUPLICATE_METHOD_MATCH = YES;
				"CODE_SIGN_IDENTITY[sdk=iphoneos*]" = "iPhone Developer";
				COPY_PHASE_STRIP = NO;
				DEBUG_INFORMATION_FORMAT = "dwarf-with-dsym";
				ENABLE_NS_ASSERTIONS = NO;
				ENABLE_STRICT_OBJC_MSGSEND = YES;
				GCC_C_LANGUAGE_STANDARD = gnu99;
				GCC_NO_COMMON_BLOCKS = YES;
				GCC_WARN_64_TO_32_BIT_CONVERSION = YES;
				GCC_WARN_ABOUT_RETURN_TYPE = YES_ERROR;
				GCC_WARN_UNDECLARED_SELECTOR = YES;
				GCC_WARN_UNINITIALIZED_AUTOS = YES_AGGRESSIVE;
				GCC_WARN_UNUSED_FUNCTION = YES;
				GCC_WARN_UNUSED_VARIABLE = YES;
				IPHONEOS_DEPLOYMENT_TARGET = 10.3;
				MTL_ENABLE_DEBUG_INFO = NO;
				SDKROOT = iphoneos;
				SWIFT_OPTIMIZATION_LEVEL = "-Owholemodule";
				TARGETED_DEVICE_FAMILY = "1,2";
				VALIDATE_PRODUCT = YES;
			};
			name = Release;
		};
		A3989BB11F6EEFEB0031971D /* Debug */ = {
			isa = XCBuildConfiguration;
			baseConfigurationReference = 38F26E4F47FBCFE62EB9BEAA /* Pods-VocabMania.debug.xcconfig */;
			buildSettings = {
				ASSETCATALOG_COMPILER_APPICON_NAME = AppIcon;
				INFOPLIST_FILE = VocabMania/Info.plist;
				LD_RUNPATH_SEARCH_PATHS = "$(inherited) @executable_path/Frameworks";
				PRODUCT_BUNDLE_IDENTIFIER = com.ErtugrulUcar.VocabMania;
				PRODUCT_NAME = "$(TARGET_NAME)";
				SWIFT_VERSION = 3.0;
			};
			name = Debug;
		};
		A3989BB21F6EEFEB0031971D /* Release */ = {
			isa = XCBuildConfiguration;
			baseConfigurationReference = 75E6F4E199B0350194DA8BC5 /* Pods-VocabMania.release.xcconfig */;
			buildSettings = {
				ASSETCATALOG_COMPILER_APPICON_NAME = AppIcon;
				INFOPLIST_FILE = VocabMania/Info.plist;
				LD_RUNPATH_SEARCH_PATHS = "$(inherited) @executable_path/Frameworks";
				PRODUCT_BUNDLE_IDENTIFIER = com.ErtugrulUcar.VocabMania;
				PRODUCT_NAME = "$(TARGET_NAME)";
				SWIFT_VERSION = 3.0;
			};
			name = Release;
		};
/* End XCBuildConfiguration section */

/* Begin XCConfigurationList section */
		A3989B991F6EEFEB0031971D /* Build configuration list for PBXProject "VocabMania" */ = {
			isa = XCConfigurationList;
			buildConfigurations = (
				A3989BAE1F6EEFEB0031971D /* Debug */,
				A3989BAF1F6EEFEB0031971D /* Release */,
			);
			defaultConfigurationIsVisible = 0;
			defaultConfigurationName = Release;
		};
		A3989BB01F6EEFEB0031971D /* Build configuration list for PBXNativeTarget "VocabMania" */ = {
			isa = XCConfigurationList;
			buildConfigurations = (
				A3989BB11F6EEFEB0031971D /* Debug */,
				A3989BB21F6EEFEB0031971D /* Release */,
			);
			defaultConfigurationIsVisible = 0;
			defaultConfigurationName = Release;
		};
/* End XCConfigurationList section */
	};
	rootObject = A3989B961F6EEFEB0031971D /* Project object */;
}
